
Microsoft Visual Studio Solution File, Format Version 12.00
# Visual Studio 2015
Project("{FAE04EC0-301F-11D3-BF4B-00C04F79EFBC}") = "projectRv", "projectRv.csproj", "{21C2E4CC-992E-AD5B-1252-842F9F704847}"
EndProject
Global
	GlobalSection(SolutionConfigurationPlatforms) = preSolution
		Debug|Any CPU = Debug|Any CPU
		Release|Any CPU = Release|Any CPU
	EndGlobalSection
	GlobalSection(ProjectConfigurationPlatforms) = postSolution
		{21C2E4CC-992E-AD5B-1252-842F9F704847}.Debug|Any CPU.ActiveCfg = Debug|Any CPU
		{21C2E4CC-992E-AD5B-1252-842F9F704847}.Debug|Any CPU.Build.0 = Debug|Any CPU
		{21C2E4CC-992E-AD5B-1252-842F9F704847}.Release|Any CPU.ActiveCfg = Release|Any CPU
		{21C2E4CC-992E-AD5B-1252-842F9F704847}.Release|Any CPU.Build.0 = Release|Any CPU
	EndGlobalSection
	GlobalSection(SolutionProperties) = preSolution
		HideSolutionNode = FALSE
	EndGlobalSection
EndGlobal
